Microsoft Visual Studio Solution File, Format Version 12.00
# Visual Studio Version 17
VisualStudioVersion = 17.5.2.0
MinimumVisualStudioVersion = 10.0.40219.1
Project("{FAE04EC0-301F-11D3-BF4B-00C04F79EFBC}") = "AzureVisionCaptionDemo", "AzureVisionCaptionDemo.csproj", "{A4986986-522F-983D-1585-8284F8118822}"
EndProject
Global
	GlobalSection(SolutionConfigurationPlatforms) = preSolution
		Debug|Any CPU = Debug|Any CPU
		Release|Any CPU = Release|Any CPU
	EndGlobalSection
	GlobalSection(ProjectConfigurationPlatforms) = postSolution
		{A4986986-522F-983D-1585-8284F8118822}.Debug|Any CPU.ActiveCfg = Debug|Any CPU
		{A4986986-522F-983D-1585-8284F8118822}.Debug|Any CPU.Build.0 = Debug|Any CPU
		{A4986986-522F-983D-1585-8284F8118822}.Release|Any CPU.ActiveCfg = Release|Any CPU
		{A4986986-522F-983D-1585-8284F8118822}.Release|Any CPU.Build.0 = Release|Any CPU
	EndGlobalSection
	GlobalSection(SolutionProperties) = preSolution
		HideSolutionNode = FALSE
	EndGlobalSection
	GlobalSection(ExtensibilityGlobals) = postSolution
		SolutionGuid = {26E7CC25-5A11-42FB-9377-045664079215}
	EndGlobalSection
EndGlobal
